
Microsoft Visual Studio Solution File, Format Version 12.00
# Visual Studio Version 17
VisualStudioVersion = 17.11.35312.102
MinimumVisualStudioVersion = 10.0.40219.1
Project("{FAE04EC0-301F-11D3-BF4B-00C04F79EFBC}") = "PersonalTracking", "PersonalTracking\PersonalTracking.csproj", "{2ABA9978-5E1A-4F46-8D81-27A93F7BFAAB}"
EndProject
Project("{FAE04EC0-301F-11D3-BF4B-00C04F79EFBC}") = "BLL", "BLL\BLL.csproj", "{CCA7FD0A-A2B5-4B3F-BA57-ECF33123E49F}"
EndProject
Project("{FAE04EC0-301F-11D3-BF4B-00C04F79EFBC}") = "DAL", "DAL\DAL.csproj", "{054FDC58-6CB5-4F9D-9CA9-F3B655AFB35A}"
EndProject
Global
	GlobalSection(SolutionConfigurationPlatforms) = preSolution
		Debug|Any CPU = Debug|Any CPU
		Release|Any CPU = Release|Any CPU
	EndGlobalSection
	GlobalSection(ProjectConfigurationPlatforms) = postSolution
		{2ABA9978-5E1A-4F46-8D81-27A93F7BFAAB}.Debug|Any CPU.ActiveCfg = Debug|Any CPU
		{2ABA9978-5E1A-4F46-8D81-27A93F7BFAAB}.Debug|Any CPU.Build.0 = Debug|Any CPU
		{2ABA9978-5E1A-4F46-8D81-27A93F7BFAAB}.Release|Any CPU.ActiveCfg = Release|Any CPU
		{2ABA9978-5E1A-4F46-8D81-27A93F7BFAAB}.Release|Any CPU.Build.0 = Release|Any CPU
		{CCA7FD0A-A2B5-4B3F-BA57-ECF33123E49F}.Debug|Any CPU.ActiveCfg = Debug|Any CPU
		{CCA7FD0A-A2B5-4B3F-BA57-ECF33123E49F}.Debug|Any CPU.Build.0 = Debug|Any CPU
		{CCA7FD0A-A2B5-4B3F-BA57-ECF33123E49F}.Release|Any CPU.ActiveCfg = Release|Any CPU
		{CCA7FD0A-A2B5-4B3F-BA57-ECF33123E49F}.Release|Any CPU.Build.0 = Release|Any CPU
		{054FDC58-6CB5-4F9D-9CA9-F3B655AFB35A}.Debug|Any CPU.ActiveCfg = Debug|Any CPU
		{054FDC58-6CB5-4F9D-9CA9-F3B655AFB35A}.Debug|Any CPU.Build.0 = Debug|Any CPU
		{054FDC58-6CB5-4F9D-9CA9-F3B655AFB35A}.Release|Any CPU.ActiveCfg = Release|Any CPU
		{054FDC58-6CB5-4F9D-9CA9-F3B655AFB35A}.Release|Any CPU.Build.0 = Release|Any CPU
	EndGlobalSection
	GlobalSection(SolutionProperties) = preSolution
		HideSolutionNode = FALSE
	EndGlobalSection
	GlobalSection(ExtensibilityGlobals) = postSolution
		SolutionGuid = {F6D4AAD8-0905-4DCB-B600-430A9F042D46}
	EndGlobalSection
EndGlobal
